{
  "version": "2",
  "remote": {},
  "npm": {
    "specifiers": {
      "@types/json-schema": "@types/json-schema@7.0.12",
      "reflect-metadata": "reflect-metadata@0.1.13"
    },
    "packages": {
      "@types/json-schema@7.0.11": {
        "integrity": "sha512-wOuvG1SN4Us4rez+tylwwwCV1psiNVOkJeM3AUWUNWg/jDQY2+HE/444y5gc+jBmRqASOm2Oeh5c1axHobwRKQ==",
        "dependencies": {}
      },
      "@types/json-schema@7.0.12": {
        "integrity": "sha512-Hr5Jfhc9eYOQNPYO5WLDq/n4jqijdHNlDXjuAQkkt+mWdQR+XJToOHrsD4cPaMXpn6KO7y2+wM8AZEs8VpBLVA==",
        "dependencies": {}
      },
      "reflect-metadata@0.1.13": {
        "integrity": "sha512-Ts1Y/anZELhSsjMcU605fU9RE4Oi3p5ORujwbIKXfWa+0Zxs510Qrmrce5/Jowq3cHSZSJqBjypxmHarc+vEWg==",
        "dependencies": {}
      }
    }
  }
}
